
Microsoft Visual Studio Solution File, Format Version 12.00
# Visual Studio Version 17
VisualStudioVersion = 17.3.32922.545
MinimumVisualStudioVersion = 10.0.40219.1
Project("{FAE04EC0-301F-11D3-BF4B-00C04F79EFBC}") = "Pir.ModelStudiCS.Examlpe1", "Pir.ModelStudiCS.Examlpe1\Pir.ModelStudiCS.Examlpe1.csproj", "{35402815-0C29-4F0E-B94A-FD7F56707ACF}"
EndProject
Project("{8BC9CEB8-8B4A-11D0-8D11-00A0C91BC942}") = "Pir.ModelStudio.CS.Wraper", "Pir.ModelStudio.CS.Wraper\Pir.ModelStudio.CS.Wraper.vcxproj", "{D679A56F-395A-4B26-A4B9-481C1AEC8FD5}"
EndProject
Global
	GlobalSection(SolutionConfigurationPlatforms) = preSolution
		Debug|Any CPU = Debug|Any CPU
		Debug|x64 = Debug|x64
		Debug|x86 = Debug|x86
		Release|Any CPU = Release|Any CPU
		Release|x64 = Release|x64
		Release|x86 = Release|x86
	EndGlobalSection
	GlobalSection(ProjectConfigurationPlatforms) = postSolution
		{35402815-0C29-4F0E-B94A-FD7F56707ACF}.Debug|Any CPU.ActiveCfg = Debug|Any CPU
		{35402815-0C29-4F0E-B94A-FD7F56707ACF}.Debug|Any CPU.Build.0 = Debug|Any CPU
		{35402815-0C29-4F0E-B94A-FD7F56707ACF}.Debug|x64.ActiveCfg = Debug|Any CPU
		{35402815-0C29-4F0E-B94A-FD7F56707ACF}.Debug|x64.Build.0 = Debug|Any CPU
		{35402815-0C29-4F0E-B94A-FD7F56707ACF}.Debug|x86.ActiveCfg = Debug|Any CPU
		{35402815-0C29-4F0E-B94A-FD7F56707ACF}.Debug|x86.Build.0 = Debug|Any CPU
		{35402815-0C29-4F0E-B94A-FD7F56707ACF}.Release|Any CPU.ActiveCfg = Release|Any CPU
		{35402815-0C29-4F0E-B94A-FD7F56707ACF}.Release|Any CPU.Build.0 = Release|Any CPU
		{35402815-0C29-4F0E-B94A-FD7F56707ACF}.Release|x64.ActiveCfg = Release|Any CPU
		{35402815-0C29-4F0E-B94A-FD7F56707ACF}.Release|x64.Build.0 = Release|Any CPU
		{35402815-0C29-4F0E-B94A-FD7F56707ACF}.Release|x86.ActiveCfg = Release|Any CPU
		{35402815-0C29-4F0E-B94A-FD7F56707ACF}.Release|x86.Build.0 = Release|Any CPU
		{D679A56F-395A-4B26-A4B9-481C1AEC8FD5}.Debug|Any CPU.ActiveCfg = Debug|x64
		{D679A56F-395A-4B26-A4B9-481C1AEC8FD5}.Debug|Any CPU.Build.0 = Debug|x64
		{D679A56F-395A-4B26-A4B9-481C1AEC8FD5}.Debug|x64.ActiveCfg = Debug|x64
		{D679A56F-395A-4B26-A4B9-481C1AEC8FD5}.Debug|x64.Build.0 = Debug|x64
		{D679A56F-395A-4B26-A4B9-481C1AEC8FD5}.Debug|x86.ActiveCfg = Debug|Win32
		{D679A56F-395A-4B26-A4B9-481C1AEC8FD5}.Debug|x86.Build.0 = Debug|Win32
		{D679A56F-395A-4B26-A4B9-481C1AEC8FD5}.Release|Any CPU.ActiveCfg = Release|x64
		{D679A56F-395A-4B26-A4B9-481C1AEC8FD5}.Release|Any CPU.Build.0 = Release|x64
		{D679A56F-395A-4B26-A4B9-481C1AEC8FD5}.Release|x64.ActiveCfg = Release|x64
		{D679A56F-395A-4B26-A4B9-481C1AEC8FD5}.Release|x64.Build.0 = Release|x64
		{D679A56F-395A-4B26-A4B9-481C1AEC8FD5}.Release|x86.ActiveCfg = Release|Win32
		{D679A56F-395A-4B26-A4B9-481C1AEC8FD5}.Release|x86.Build.0 = Release|Win32
	EndGlobalSection
	GlobalSection(SolutionProperties) = preSolution
		HideSolutionNode = FALSE
	EndGlobalSection
	GlobalSection(ExtensibilityGlobals) = postSolution
		SolutionGuid = {64C933E2-AA3E-4113-9BEF-8774BB9AD4C8}
	EndGlobalSection
EndGlobal
