
Microsoft Visual Studio Solution File, Format Version 12.00
# Visual Studio Version 17
VisualStudioVersion = 17.3.32922.545
MinimumVisualStudioVersion = 10.0.40219.1
Project("{FAE04EC0-301F-11D3-BF4B-00C04F79EFBC}") = "Pir.ModelStudiCS.Examlpe1", "Pir.ModelStudiCS.Examlpe1\Pir.ModelStudiCS.Examlpe1.csproj", "{35402815-0C29-4F0E-B94A-FD7F56707ACF}"
EndProject
Global
	GlobalSection(SolutionConfigurationPlatforms) = preSolution
		Debug|Any CPU = Debug|Any CPU
		Release|Any CPU = Release|Any CPU
	EndGlobalSection
	GlobalSection(ProjectConfigurationPlatforms) = postSolution
		{35402815-0C29-4F0E-B94A-FD7F56707ACF}.Debug|Any CPU.ActiveCfg = Debug|Any CPU
		{35402815-0C29-4F0E-B94A-FD7F56707ACF}.Debug|Any CPU.Build.0 = Debug|Any CPU
		{35402815-0C29-4F0E-B94A-FD7F56707ACF}.Release|Any CPU.ActiveCfg = Release|Any CPU
		{35402815-0C29-4F0E-B94A-FD7F56707ACF}.Release|Any CPU.Build.0 = Release|Any CPU
	EndGlobalSection
	GlobalSection(SolutionProperties) = preSolution
		HideSolutionNode = FALSE
	EndGlobalSection
	GlobalSection(ExtensibilityGlobals) = postSolution
		SolutionGuid = {64C933E2-AA3E-4113-9BEF-8774BB9AD4C8}
	EndGlobalSection
EndGlobal
